// !$*UTF8*$!
{
	archiveVersion = 1;
	classes = {
	};
	objectVersion = 46;
	objects = {

/* Begin PBXBuildFile section */
		5BA11ECF1E35A1540019D375 /* AppDelegate.swift in Sources */ = {isa = PBXBuildFile; fileRef = 5BA11ECE1E35A1540019D375 /* AppDelegate.swift */; };
		5BA11ED11E35A1540019D375 /* ViewController.swift in Sources */ = {isa = PBXBuildFile; fileRef = 5BA11ED01E35A1540019D375 /* ViewController.swift */; };
		5BA11ED41E35A1540019D375 /* Main.storyboard in Resources */ = {isa = PBXBuildFile; fileRef = 5BA11ED21E35A1540019D375 /* Main.storyboard */; };
		5BA11ED61E35A1540019D375 /* Assets.xcassets in Resources */ = {isa = PBXBuildFile; fileRef = 5BA11ED51E35A1540019D375 /* Assets.xcassets */; };
		5BA11ED91E35A1540019D375 /* LaunchScreen.storyboard in Resources */ = {isa = PBXBuildFile; fileRef = 5BA11ED71E35A1540019D375 /* LaunchScreen.storyboard */; };
		5BA11EE41E35A1540019D375 /* RMZAutoLayoutTests.swift in Sources */ = {isa = PBXBuildFile; fileRef = 5BA11EE31E35A1540019D375 /* RMZAutoLayoutTests.swift */; };
		5BA11EEF1E35A1540019D375 /* RMZAutoLayoutUITests.swift in Sources */ = {isa = PBXBuildFile; fileRef = 5BA11EEE1E35A1540019D375 /* RMZAutoLayoutUITests.swift */; };
		5BA11F011E35ABCA0019D375 /* RMZAutoLayout.swift in Sources */ = {isa = PBXBuildFile; fileRef = 5BA11F001E35ABCA0019D375 /* RMZAutoLayout.swift */; };
/* End PBXBuildFile section */

/* Begin PBXContainerItemProxy section */
		5BA11EE01E35A1540019D375 /* PBXContainerItemProxy */ = {
			isa = PBXContainerItemProxy;
			containerPortal = 5BA11EC31E35A1530019D375 /* Project object */;
			proxyType = 1;
			remoteGlobalIDString = 5BA11ECA1E35A1530019D375;
			remoteInfo = RMZAutoLayout;
		};
		5BA11EEB1E35A1540019D375 /* PBXContainerItemProxy */ = {
			isa = PBXContainerItemProxy;
			containerPortal = 5BA11EC31E35A1530019D375 /* Project object */;
			proxyType = 1;
			remoteGlobalIDString = 5BA11ECA1E35A1530019D375;
			remoteInfo = RMZAutoLayout;
		};
/* End PBXContainerItemProxy section */

/* Begin PBXFileReference section */
		5BA11ECB1E35A1540019D375 /* RMZAutoLayout.app */ = {isa = PBXFileReference; explicitFileType = wrapper.application; includeInIndex = 0; path = RMZAutoLayout.app; sourceTree = BUILT_PRODUCTS_DIR; };
		5BA11ECE1E35A1540019D375 /* AppDelegate.swift */ = {isa = PBXFileReference; lastKnownFileType = sourcecode.swift; path = AppDelegate.swift; sourceTree = "<group>"; };
		5BA11ED01E35A1540019D375 /* ViewController.swift */ = {isa = PBXFileReference; lastKnownFileType = sourcecode.swift; path = ViewController.swift; sourceTree = "<group>"; };
		5BA11ED31E35A1540019D375 /* Base */ = {isa = PBXFileReference; lastKnownFileType = file.storyboard; name = Base; path = Base.lproj/Main.storyboard; sourceTree = "<group>"; };
		5BA11ED51E35A1540019D375 /* Assets.xcassets */ = {isa = PBXFileReference; lastKnownFileType = folder.assetcatalog; name = Assets.xcassets; path = RMZAutoLayout/Assets.xcassets; sourceTree = "<group>"; };
		5BA11ED81E35A1540019D375 /* Base */ = {isa = PBXFileReference; lastKnownFileType = file.storyboard; name = Base; path = Base.lproj/LaunchScreen.storyboard; sourceTree = "<group>"; };
		5BA11EDA1E35A1540019D375 /* Info.plist */ = {isa = PBXFileReference; lastKnownFileType = text.plist.xml; name = Info.plist; path = RMZAutoLayout/Info.plist; sourceTree = "<group>"; };
		5BA11EDF1E35A1540019D375 /* RMZAutoLayoutTests.xctest */ = {isa = PBXFileReference; explicitFileType = wrapper.cfbundle; includeInIndex = 0; path = RMZAutoLayoutTests.xctest; sourceTree = BUILT_PRODUCTS_DIR; };
		5BA11EE31E35A1540019D375 /* RMZAutoLayoutTests.swift */ = {isa = PBXFileReference; lastKnownFileType = sourcecode.swift; path = RMZAutoLayoutTests.swift; sourceTree = "<group>"; };
		5BA11EE51E35A1540019D375 /* Info.plist */ = {isa = PBXFileReference; lastKnownFileType = text.plist.xml; path = Info.plist; sourceTree = "<group>"; };
		5BA11EEA1E35A1540019D375 /* RMZAutoLayoutUITests.xctest */ = {isa = PBXFileReference; explicitFileType = wrapper.cfbundle; includeInIndex = 0; path = RMZAutoLayoutUITests.xctest; sourceTree = BUILT_PRODUCTS_DIR; };
		5BA11EEE1E35A1540019D375 /* RMZAutoLayoutUITests.swift */ = {isa = PBXFileReference; lastKnownFileType = sourcecode.swift; path = RMZAutoLayoutUITests.swift; sourceTree = "<group>"; };
		5BA11EF01E35A1540019D375 /* Info.plist */ = {isa = PBXFileReference; lastKnownFileType = text.plist.xml; path = Info.plist; sourceTree = "<group>"; };
		5BA11F001E35ABCA0019D375 /* RMZAutoLayout.swift */ = {isa = PBXFileReference; fileEncoding = 4; lastKnownFileType = sourcecode.swift; path = RMZAutoLayout.swift; sourceTree = "<group>"; };
/* End PBXFileReference section */

/* Begin PBXFrameworksBuildPhase section */
		5BA11EC81E35A1530019D375 /* Frameworks */ = {
			isa = PBXFrameworksBuildPhase;
			buildActionMask = 2147483647;
			files = (
			);
			runOnlyForDeploymentPostprocessing = 0;
		};
		5BA11EDC1E35A1540019D375 /* Frameworks */ = {
			isa = PBXFrameworksBuildPhase;
			buildActionMask = 2147483647;
			files = (
			);
			runOnlyForDeploymentPostprocessing = 0;
		};
		5BA11EE71E35A1540019D375 /* Frameworks */ = {
			isa = PBXFrameworksBuildPhase;
			buildActionMask = 2147483647;
			files = (
			);
			runOnlyForDeploymentPostprocessing = 0;
		};
/* End PBXFrameworksBuildPhase section */

/* Begin PBXGroup section */
		5BA11EC21E35A1530019D375 = {
			isa = PBXGroup;
			children = (
				5BA11EFE1E35A17C0019D375 /* Resources */,
				5BA11ECD1E35A1540019D375 /* Classes */,
				5BA11EE21E35A1540019D375 /* RMZAutoLayoutTests */,
				5BA11EED1E35A1540019D375 /* RMZAutoLayoutUITests */,
				5BA11ECC1E35A1540019D375 /* Products */,
			);
			sourceTree = "<group>";
		};
		5BA11ECC1E35A1540019D375 /* Products */ = {
			isa = PBXGroup;
			children = (
				5BA11ECB1E35A1540019D375 /* RMZAutoLayout.app */,
				5BA11EDF1E35A1540019D375 /* RMZAutoLayoutTests.xctest */,
				5BA11EEA1E35A1540019D375 /* RMZAutoLayoutUITests.xctest */,
			);
			name = Products;
			sourceTree = "<group>";
		};
		5BA11ECD1E35A1540019D375 /* Classes */ = {
			isa = PBXGroup;
			children = (
				5BA11EFC1E35A1680019D375 /* ios */,
				5BA11F001E35ABCA0019D375 /* RMZAutoLayout.swift */,
			);
			name = Classes;
			path = RMZAutoLayout;
			sourceTree = "<group>";
		};
		5BA11EE21E35A1540019D375 /* RMZAutoLayoutTests */ = {
			isa = PBXGroup;
			children = (
				5BA11EE31E35A1540019D375 /* RMZAutoLayoutTests.swift */,
				5BA11EE51E35A1540019D375 /* Info.plist */,
			);
			path = RMZAutoLayoutTests;
			sourceTree = "<group>";
		};
		5BA11EED1E35A1540019D375 /* RMZAutoLayoutUITests */ = {
			isa = PBXGroup;
			children = (
				5BA11EEE1E35A1540019D375 /* RMZAutoLayoutUITests.swift */,
				5BA11EF01E35A1540019D375 /* Info.plist */,
			);
			path = RMZAutoLayoutUITests;
			sourceTree = "<group>";
		};
		5BA11EFC1E35A1680019D375 /* ios */ = {
			isa = PBXGroup;
			children = (
				5BA11ECE1E35A1540019D375 /* AppDelegate.swift */,
				5BA11ED01E35A1540019D375 /* ViewController.swift */,
				5BA11EFF1E35A1EC0019D375 /* StoryBoard */,
			);
			name = ios;
			sourceTree = "<group>";
		};
		5BA11EFE1E35A17C0019D375 /* Resources */ = {
			isa = PBXGroup;
			children = (
				5BA11EDA1E35A1540019D375 /* Info.plist */,
				5BA11ED51E35A1540019D375 /* Assets.xcassets */,
			);
			name = Resources;
			sourceTree = "<group>";
		};
		5BA11EFF1E35A1EC0019D375 /* StoryBoard */ = {
			isa = PBXGroup;
			children = (
				5BA11ED21E35A1540019D375 /* Main.storyboard */,
				5BA11ED71E35A1540019D375 /* LaunchScreen.storyboard */,
			);
			name = StoryBoard;
			sourceTree = "<group>";
		};
/* End PBXGroup section */

/* Begin PBXNativeTarget section */
		5BA11ECA1E35A1530019D375 /* RMZAutoLayout */ = {
			isa = PBXNativeTarget;
			buildConfigurationList = 5BA11EF31E35A1540019D375 /* Build configuration list for PBXNativeTarget "RMZAutoLayout" */;
			buildPhases = (
				5BA11EC71E35A1530019D375 /* Sources */,
				5BA11EC81E35A1530019D375 /* Frameworks */,
				5BA11EC91E35A1530019D375 /* Resources */,
			);
			buildRules = (
			);
			dependencies = (
			);
			name = RMZAutoLayout;
			productName = RMZAutoLayout;
			productReference = 5BA11ECB1E35A1540019D375 /* RMZAutoLayout.app */;
			productType = "com.apple.product-type.application";
		};
		5BA11EDE1E35A1540019D375 /* RMZAutoLayoutTests */ = {
			isa = PBXNativeTarget;
			buildConfigurationList = 5BA11EF61E35A1540019D375 /* Build configuration list for PBXNativeTarget "RMZAutoLayoutTests" */;
			buildPhases = (
				5BA11EDB1E35A1540019D375 /* Sources */,
				5BA11EDC1E35A1540019D375 /* Frameworks */,
				5BA11EDD1E35A1540019D375 /* Resources */,
			);
			buildRules = (
			);
			dependencies = (
				5BA11EE11E35A1540019D375 /* PBXTargetDependency */,
			);
			name = RMZAutoLayoutTests;
			productName = RMZAutoLayoutTests;
			productReference = 5BA11EDF1E35A1540019D375 /* RMZAutoLayoutTests.xctest */;
			productType = "com.apple.product-type.bundle.unit-test";
		};
		5BA11EE91E35A1540019D375 /* RMZAutoLayoutUITests */ = {
			isa = PBXNativeTarget;
			buildConfigurationList = 5BA11EF91E35A1540019D375 /* Build configuration list for PBXNativeTarget "RMZAutoLayoutUITests" */;
			buildPhases = (
				5BA11EE61E35A1540019D375 /* Sources */,
				5BA11EE71E35A1540019D375 /* Frameworks */,
				5BA11EE81E35A1540019D375 /* Resources */,
			);
			buildRules = (
			);
			dependencies = (
				5BA11EEC1E35A1540019D375 /* PBXTargetDependency */,
			);
			name = RMZAutoLayoutUITests;
			productName = RMZAutoLayoutUITests;
			productReference = 5BA11EEA1E35A1540019D375 /* RMZAutoLayoutUITests.xctest */;
			productType = "com.apple.product-type.bundle.ui-testing";
		};
/* End PBXNativeTarget section */

/* Begin PBXProject section */
		5BA11EC31E35A1530019D375 /* Project object */ = {
			isa = PBXProject;
			attributes = {
				LastSwiftUpdateCheck = 0810;
				LastUpgradeCheck = 0810;
				ORGANIZATIONNAME = "matsuki-reiya";
				TargetAttributes = {
					5BA11ECA1E35A1530019D375 = {
						CreatedOnToolsVersion = 8.1;
						DevelopmentTeam = JGSRS44DA3;
						ProvisioningStyle = Automatic;
					};
					5BA11EDE1E35A1540019D375 = {
						CreatedOnToolsVersion = 8.1;
						DevelopmentTeam = JGSRS44DA3;
						ProvisioningStyle = Automatic;
						TestTargetID = 5BA11ECA1E35A1530019D375;
					};
					5BA11EE91E35A1540019D375 = {
						CreatedOnToolsVersion = 8.1;
						DevelopmentTeam = JGSRS44DA3;
						ProvisioningStyle = Automatic;
						TestTargetID = 5BA11ECA1E35A1530019D375;
					};
				};
			};
			buildConfigurationList = 5BA11EC61E35A1530019D375 /* Build configuration list for PBXProject "RMZAutoLayout" */;
			compatibilityVersion = "Xcode 3.2";
			developmentRegion = English;
			hasScannedForEncodings = 0;
			knownRegions = (
				en,
				Base,
			);
			mainGroup = 5BA11EC21E35A1530019D375;
			productRefGroup = 5BA11ECC1E35A1540019D375 /* Products */;
			projectDirPath = "";
			projectRoot = "";
			targets = (
				5BA11ECA1E35A1530019D375 /* RMZAutoLayout */,
				5BA11EDE1E35A1540019D375 /* RMZAutoLayoutTests */,
				5BA11EE91E35A1540019D375 /* RMZAutoLayoutUITests */,
			);
		};
/* End PBXProject section */

/* Begin PBXResourcesBuildPhase section */
		5BA11EC91E35A1530019D375 /* Resources */ = {
			isa = PBXResourcesBuildPhase;
			buildActionMask = 2147483647;
			files = (
				5BA11ED91E35A1540019D375 /* LaunchScreen.storyboard in Resources */,
				5BA11ED61E35A1540019D375 /* Assets.xcassets in Resources */,
				5BA11ED41E35A1540019D375 /* Main.storyboard in Resources */,
			);
			runOnlyForDeploymentPostprocessing = 0;
		};
		5BA11EDD1E35A1540019D375 /* Resources */ = {
			isa = PBXResourcesBuildPhase;
			buildActionMask = 2147483647;
			files = (
			);
			runOnlyForDeploymentPostprocessing = 0;
		};
		5BA11EE81E35A1540019D375 /* Resources */ = {
			isa = PBXResourcesBuildPhase;
			buildActionMask = 2147483647;
			files = (
			);
			runOnlyForDeploymentPostprocessing = 0;
		};
/* End PBXResourcesBuildPhase section */

/* Begin PBXSourcesBuildPhase section */
		5BA11EC71E35A1530019D375 /* Sources */ = {
			isa = PBXSourcesBuildPhase;
			buildActionMask = 2147483647;
			files = (
				5BA11F011E35ABCA0019D375 /* RMZAutoLayout.swift in Sources */,
				5BA11ED11E35A1540019D375 /* ViewController.swift in Sources */,
				5BA11ECF1E35A1540019D375 /* AppDelegate.swift in Sources */,
			);
			runOnlyForDeploymentPostprocessing = 0;
		};
		5BA11EDB1E35A1540019D375 /* Sources */ = {
			isa = PBXSourcesBuildPhase;
			buildActionMask = 2147483647;
			files = (
				5BA11EE41E35A1540019D375 /* RMZAutoLayoutTests.swift in Sources */,
			);
			runOnlyForDeploymentPostprocessing = 0;
		};
		5BA11EE61E35A1540019D375 /* Sources */ = {
			isa = PBXSourcesBuildPhase;
			buildActionMask = 2147483647;
			files = (
				5BA11EEF1E35A1540019D375 /* RMZAutoLayoutUITests.swift in Sources */,
			);
			runOnlyForDeploymentPostprocessing = 0;
		};
/* End PBXSourcesBuildPhase section */

/* Begin PBXTargetDependency section */
		5BA11EE11E35A1540019D375 /* PBXTargetDependency */ = {
			isa = PBXTargetDependency;
			target = 5BA11ECA1E35A1530019D375 /* RMZAutoLayout */;
			targetProxy = 5BA11EE01E35A1540019D375 /* PBXContainerItemProxy */;
		};
		5BA11EEC1E35A1540019D375 /* PBXTargetDependency */ = {
			isa = PBXTargetDependency;
			target = 5BA11ECA1E35A1530019D375 /* RMZAutoLayout */;
			targetProxy = 5BA11EEB1E35A1540019D375 /* PBXContainerItemProxy */;
		};
/* End PBXTargetDependency section */

/* Begin PBXVariantGroup section */
		5BA11ED21E35A1540019D375 /* Main.storyboard */ = {
			isa = PBXVariantGroup;
			children = (
				5BA11ED31E35A1540019D375 /* Base */,
			);
			name = Main.storyboard;
			sourceTree = "<group>";
		};
		5BA11ED71E35A1540019D375 /* LaunchScreen.storyboard */ = {
			isa = PBXVariantGroup;
			children = (
				5BA11ED81E35A1540019D375 /* Base */,
			);
			name = LaunchScreen.storyboard;
			sourceTree = "<group>";
		};
/* End PBXVariantGroup section */

/* Begin XCBuildConfiguration section */
		5BA11EF11E35A1540019D375 /* Debug */ = {
			isa = XCBuildConfiguration;
			buildSettings = {
				ALWAYS_SEARCH_USER_PATHS = NO;
				CLANG_ANALYZER_NONNULL = YES;
				CLANG_CXX_LANGUAGE_STANDARD = "gnu++0x";
				CLANG_CXX_LIBRARY = "libc++";
				CLANG_ENABLE_MODULES = YES;
				CLANG_ENABLE_OBJC_ARC = YES;
				CLANG_WARN_BOOL_CONVERSION = YES;
				CLANG_WARN_CONSTANT_CONVERSION = YES;
				CLANG_WARN_DIRECT_OBJC_ISA_USAGE = YES_ERROR;
				CLANG_WARN_DOCUMENTATION_COMMENTS = YES;
				CLANG_WARN_EMPTY_BODY = YES;
				CLANG_WARN_ENUM_CONVERSION = YES;
				CLANG_WARN_INFINITE_RECURSION = YES;
				CLANG_WARN_INT_CONVERSION = YES;
				CLANG_WARN_OBJC_ROOT_CLASS = YES_ERROR;
				CLANG_WARN_SUSPICIOUS_MOVES = YES;
				CLANG_WARN_UNREACHABLE_CODE = YES;
				CLANG_WARN__DUPLICATE_METHOD_MATCH = YES;
				"CODE_SIGN_IDENTITY[sdk=iphoneos*]" = "iPhone Developer";
				COPY_PHASE_STRIP = NO;
				DEBUG_INFORMATION_FORMAT = dwarf;
				ENABLE_STRICT_OBJC_MSGSEND = YES;
				ENABLE_TESTABILITY = YES;
				GCC_C_LANGUAGE_STANDARD = gnu99;
				GCC_DYNAMIC_NO_PIC = NO;
				GCC_NO_COMMON_BLOCKS = YES;
				GCC_OPTIMIZATION_LEVEL = 0;
				GCC_PREPROCESSOR_DEFINITIONS = (
					"DEBUG=1",
					"$(inherited)",
				);
				GCC_WARN_64_TO_32_BIT_CONVERSION = YES;
				GCC_WARN_ABOUT_RETURN_TYPE = YES_ERROR;
				GCC_WARN_UNDECLARED_SELECTOR = YES;
				GCC_WARN_UNINITIALIZED_AUTOS = YES_AGGRESSIVE;
				GCC_WARN_UNUSED_FUNCTION = YES;
				GCC_WARN_UNUSED_VARIABLE = YES;
				IPHONEOS_DEPLOYMENT_TARGET = 10.1;
				MTL_ENABLE_DEBUG_INFO = YES;
				ONLY_ACTIVE_ARCH = YES;
				SDKROOT = iphoneos;
				SWIFT_ACTIVE_COMPILATION_CONDITIONS = DEBUG;
				SWIFT_OPTIMIZATION_LEVEL = "-Onone";
				TARGETED_DEVICE_FAMILY = "1,2";
			};
			name = Debug;
		};
		5BA11EF21E35A1540019D375 /* Release */ = {
			isa = XCBuildConfiguration;
			buildSettings = {
				ALWAYS_SEARCH_USER_PATHS = NO;
				CLANG_ANALYZER_NONNULL = YES;
				CLANG_CXX_LANGUAGE_STANDARD = "gnu++0x";
				CLANG_CXX_LIBRARY = "libc++";
				CLANG_ENABLE_MODULES = YES;
				CLANG_ENABLE_OBJC_ARC = YES;
				CLANG_WARN_BOOL_CONVERSION = YES;
				CLANG_WARN_CONSTANT_CONVERSION = YES;
				CLANG_WARN_DIRECT_OBJC_ISA_USAGE = YES_ERROR;
				CLANG_WARN_DOCUMENTATION_COMMENTS = YES;
				CLANG_WARN_EMPTY_BODY = YES;
				CLANG_WARN_ENUM_CONVERSION = YES;
				CLANG_WARN_INFINITE_RECURSION = YES;
				CLANG_WARN_INT_CONVERSION = YES;
				CLANG_WARN_OBJC_ROOT_CLASS = YES_ERROR;
				CLANG_WARN_SUSPICIOUS_MOVES = YES;
				CLANG_WARN_UNREACHABLE_CODE = YES;
				CLANG_WARN__DUPLICATE_METHOD_MATCH = YES;
				"CODE_SIGN_IDENTITY[sdk=iphoneos*]" = "iPhone Developer";
				COPY_PHASE_STRIP = NO;
				DEBUG_INFORMATION_FORMAT = "dwarf-with-dsym";
				ENABLE_NS_ASSERTIONS = NO;
				ENABLE_STRICT_OBJC_MSGSEND = YES;
				GCC_C_LANGUAGE_STANDARD = gnu99;
				GCC_NO_COMMON_BLOCKS = YES;
				GCC_WARN_64_TO_32_BIT_CONVERSION = YES;
				GCC_WARN_ABOUT_RETURN_TYPE = YES_ERROR;
				GCC_WARN_UNDECLARED_SELECTOR = YES;
				GCC_WARN_UNINITIALIZED_AUTOS = YES_AGGRESSIVE;
				GCC_WARN_UNUSED_FUNCTION = YES;
				GCC_WARN_UNUSED_VARIABLE = YES;
				IPHONEOS_DEPLOYMENT_TARGET = 10.1;
				MTL_ENABLE_DEBUG_INFO = NO;
				SDKROOT = iphoneos;
				SWIFT_OPTIMIZATION_LEVEL = "-Owholemodule";
				TARGETED_DEVICE_FAMILY = "1,2";
				VALIDATE_PRODUCT = YES;
			};
			name = Release;
		};
		5BA11EF41E35A1540019D375 /* Debug */ = {
			isa = XCBuildConfiguration;
			buildSettings = {
				ASSETCATALOG_COMPILER_APPICON_NAME = AppIcon;
				DEVELOPMENT_TEAM = JGSRS44DA3;
				INFOPLIST_FILE = RMZAutoLayout/Info.plist;
				IPHONEOS_DEPLOYMENT_TARGET = 10.0;
				LD_RUNPATH_SEARCH_PATHS = "$(inherited) @executable_path/Frameworks";
				PRODUCT_BUNDLE_IDENTIFIER = com.reiya.matsuki.RMZAutoLayout;
				PRODUCT_NAME = "$(TARGET_NAME)";
				SWIFT_VERSION = 2.3;
			};
			name = Debug;
		};
		5BA11EF51E35A1540019D375 /* Release */ = {
			isa = XCBuildConfiguration;
			buildSettings = {
				ASSETCATALOG_COMPILER_APPICON_NAME = AppIcon;
				DEVELOPMENT_TEAM = JGSRS44DA3;
				INFOPLIST_FILE = RMZAutoLayout/Info.plist;
				IPHONEOS_DEPLOYMENT_TARGET = 10.0;
				LD_RUNPATH_SEARCH_PATHS = "$(inherited) @executable_path/Frameworks";
				PRODUCT_BUNDLE_IDENTIFIER = com.reiya.matsuki.RMZAutoLayout;
				PRODUCT_NAME = "$(TARGET_NAME)";
				SWIFT_VERSION = 2.3;
			};
			name = Release;
		};
		5BA11EF71E35A1540019D375 /* Debug */ = {
			isa = XCBuildConfiguration;
			buildSettings = {
				ALWAYS_EMBED_SWIFT_STANDARD_LIBRARIES = YES;
				BUNDLE_LOADER = "$(TEST_HOST)";
				DEVELOPMENT_TEAM = JGSRS44DA3;
				INFOPLIST_FILE = RMZAutoLayoutTests/Info.plist;
				LD_RUNPATH_SEARCH_PATHS = "$(inherited) @executable_path/Frameworks @loader_path/Frameworks";
				PRODUCT_BUNDLE_IDENTIFIER = com.reiya.matsuki.RMZAutoLayoutTests;
				PRODUCT_NAME = "$(TARGET_NAME)";
				SWIFT_VERSION = 3.0;
				TEST_HOST = "$(BUILT_PRODUCTS_DIR)/RMZAutoLayout.app/RMZAutoLayout";
			};
			name = Debug;
		};
		5BA11EF81E35A1540019D375 /* Release */ = {
			isa = XCBuildConfiguration;
			buildSettings = {
				ALWAYS_EMBED_SWIFT_STANDARD_LIBRARIES = YES;
				BUNDLE_LOADER = "$(TEST_HOST)";
				DEVELOPMENT_TEAM = JGSRS44DA3;
				INFOPLIST_FILE = RMZAutoLayoutTests/Info.plist;
				LD_RUNPATH_SEARCH_PATHS = "$(inherited) @executable_path/Frameworks @loader_path/Frameworks";
				PRODUCT_BUNDLE_IDENTIFIER = com.reiya.matsuki.RMZAutoLayoutTests;
				PRODUCT_NAME = "$(TARGET_NAME)";
				SWIFT_VERSION = 3.0;
				TEST_HOST = "$(BUILT_PRODUCTS_DIR)/RMZAutoLayout.app/RMZAutoLayout";
			};
			name = Release;
		};
		5BA11EFA1E35A1540019D375 /* Debug */ = {
			isa = XCBuildConfiguration;
			buildSettings = {
				ALWAYS_EMBED_SWIFT_STANDARD_LIBRARIES = YES;
				DEVELOPMENT_TEAM = JGSRS44DA3;
				INFOPLIST_FILE = RMZAutoLayoutUITests/Info.plist;
				LD_RUNPATH_SEARCH_PATHS = "$(inherited) @executable_path/Frameworks @loader_path/Frameworks";
				PRODUCT_BUNDLE_IDENTIFIER = com.reiya.matsuki.RMZAutoLayoutUITests;
				PRODUCT_NAME = "$(TARGET_NAME)";
				SWIFT_VERSION = 3.0;
				TEST_TARGET_NAME = RMZAutoLayout;
			};
			name = Debug;
		};
		5BA11EFB1E35A1540019D375 /* Release */ = {
			isa = XCBuildConfiguration;
			buildSettings = {
				ALWAYS_EMBED_SWIFT_STANDARD_LIBRARIES = YES;
				DEVELOPMENT_TEAM = JGSRS44DA3;
				INFOPLIST_FILE = RMZAutoLayoutUITests/Info.plist;
				LD_RUNPATH_SEARCH_PATHS = "$(inherited) @executable_path/Frameworks @loader_path/Frameworks";
				PRODUCT_BUNDLE_IDENTIFIER = com.reiya.matsuki.RMZAutoLayoutUITests;
				PRODUCT_NAME = "$(TARGET_NAME)";
				SWIFT_VERSION = 3.0;
				TEST_TARGET_NAME = RMZAutoLayout;
			};
			name = Release;
		};
/* End XCBuildConfiguration section */

/* Begin XCConfigurationList section */
		5BA11EC61E35A1530019D375 /* Build configuration list for PBXProject "RMZAutoLayout" */ = {
			isa = XCConfigurationList;
			buildConfigurations = (
				5BA11EF11E35A1540019D375 /* Debug */,
				5BA11EF21E35A1540019D375 /* Release */,
			);
			defaultConfigurationIsVisible = 0;
			defaultConfigurationName = Release;
		};
		5BA11EF31E35A1540019D375 /* Build configuration list for PBXNativeTarget "RMZAutoLayout" */ = {
			isa = XCConfigurationList;
			buildConfigurations = (
				5BA11EF41E35A1540019D375 /* Debug */,
				5BA11EF51E35A1540019D375 /* Release */,
			);
			defaultConfigurationIsVisible = 0;
			defaultConfigurationName = Release;
		};
		5BA11EF61E35A1540019D375 /* Build configuration list for PBXNativeTarget "RMZAutoLayoutTests" */ = {
			isa = XCConfigurationList;
			buildConfigurations = (
				5BA11EF71E35A1540019D375 /* Debug */,
				5BA11EF81E35A1540019D375 /* Release */,
			);
			defaultConfigurationIsVisible = 0;
			defaultConfigurationName = Release;
		};
		5BA11EF91E35A1540019D375 /* Build configuration list for PBXNativeTarget "RMZAutoLayoutUITests" */ = {
			isa = XCConfigurationList;
			buildConfigurations = (
				5BA11EFA1E35A1540019D375 /* Debug */,
				5BA11EFB1E35A1540019D375 /* Release */,
			);
			defaultConfigurationIsVisible = 0;
			defaultConfigurationName = Release;
		};
/* End XCConfigurationList section */
	};
	rootObject = 5BA11EC31E35A1530019D375 /* Project object */;
}
